
Microsoft Visual Studio Solution File, Format Version 12.00
# Visual Studio Version 17
VisualStudioVersion = 17.10.34916.146
MinimumVisualStudioVersion = 10.0.40219.1
Project("{FAE04EC0-301F-11D3-BF4B-00C04F79EFBC}") = "Biblioteca_ESFE", "Biblioteca_ESFE.csproj", "{CAA70DCE-E678-444B-9455-74CE380D8E59}"
EndProject
Global
	GlobalSection(SolutionConfigurationPlatforms) = preSolution
		Debug|Any CPU = Debug|Any CPU
		Release|Any CPU = Release|Any CPU
	EndGlobalSection
	GlobalSection(ProjectConfigurationPlatforms) = postSolution
		{CAA70DCE-E678-444B-9455-74CE380D8E59}.Debug|Any CPU.ActiveCfg = Debug|Any CPU
		{CAA70DCE-E678-444B-9455-74CE380D8E59}.Debug|Any CPU.Build.0 = Debug|Any CPU
		{CAA70DCE-E678-444B-9455-74CE380D8E59}.Release|Any CPU.ActiveCfg = Release|Any CPU
		{CAA70DCE-E678-444B-9455-74CE380D8E59}.Release|Any CPU.Build.0 = Release|Any CPU
	EndGlobalSection
	GlobalSection(SolutionProperties) = preSolution
		HideSolutionNode = FALSE
	EndGlobalSection
	GlobalSection(ExtensibilityGlobals) = postSolution
		SolutionGuid = {7702250E-C546-4CED-B7FB-15537D1A6EB6}
	EndGlobalSection
EndGlobal
